
Microsoft Visual Studio Solution File, Format Version 12.00
# Visual Studio 2017
Project("{FAE04EC0-301F-11D3-BF4B-00C04F79EFBC}") = "ALIVECOPY", "ALIVECOPY.csproj", "{01520508-618E-A392-3530-7A534973BBC9}"
EndProject
Global
	GlobalSection(SolutionConfigurationPlatforms) = preSolution
		Debug|Any CPU = Debug|Any CPU
		Release|Any CPU = Release|Any CPU
	EndGlobalSection
	GlobalSection(ProjectConfigurationPlatforms) = postSolution
		{01520508-618E-A392-3530-7A534973BBC9}.Debug|Any CPU.ActiveCfg = Debug|Any CPU
		{01520508-618E-A392-3530-7A534973BBC9}.Debug|Any CPU.Build.0 = Debug|Any CPU
		{01520508-618E-A392-3530-7A534973BBC9}.Release|Any CPU.ActiveCfg = Release|Any CPU
		{01520508-618E-A392-3530-7A534973BBC9}.Release|Any CPU.Build.0 = Release|Any CPU
	EndGlobalSection
	GlobalSection(SolutionProperties) = preSolution
		HideSolutionNode = FALSE
	EndGlobalSection
EndGlobal
